// !$*UTF8*$!
{
	archiveVersion = 1;
	classes = {
	};
	objectVersion = 56;
	objects = {

/* Begin PBXBuildFile section */
		A10001 /* Video2LiveApp.swift in Sources */ = {isa = PBXBuildFile; fileRef = B10001 /* Video2LiveApp.swift */; };
		A10002 /* ContentView.swift in Sources */ = {isa = PBXBuildFile; fileRef = B10002 /* ContentView.swift */; };
		A10003 /* DropZoneView.swift in Sources */ = {isa = PBXBuildFile; fileRef = B10003 /* DropZoneView.swift */; };
		A10004 /* VideoPreviewView.swift in Sources */ = {isa = PBXBuildFile; fileRef = B10004 /* VideoPreviewView.swift */; };
		A10005 /* TimelineScrubberView.swift in Sources */ = {isa = PBXBuildFile; fileRef = B10005 /* TimelineScrubberView.swift */; };
		A10006 /* ConvertButton.swift in Sources */ = {isa = PBXBuildFile; fileRef = B10006 /* ConvertButton.swift */; };
		A10007 /* ConversionState.swift in Sources */ = {isa = PBXBuildFile; fileRef = B10007 /* ConversionState.swift */; };
		A10008 /* VideoProject.swift in Sources */ = {isa = PBXBuildFile; fileRef = B10008 /* VideoProject.swift */; };
		A10009 /* VideoAnalyzer.swift in Sources */ = {isa = PBXBuildFile; fileRef = B10009 /* VideoAnalyzer.swift */; };
		A10010 /* HEICWriter.swift in Sources */ = {isa = PBXBuildFile; fileRef = B10010 /* HEICWriter.swift */; };
		A10011 /* MOVWriter.swift in Sources */ = {isa = PBXBuildFile; fileRef = B10011 /* MOVWriter.swift */; };
		A10012 /* LivePhotoGenerator.swift in Sources */ = {isa = PBXBuildFile; fileRef = B10012 /* LivePhotoGenerator.swift */; };
		A10013 /* PhotosImporter.swift in Sources */ = {isa = PBXBuildFile; fileRef = B10013 /* PhotosImporter.swift */; };
		A10014 /* MetadataConstants.swift in Sources */ = {isa = PBXBuildFile; fileRef = B10014 /* MetadataConstants.swift */; };
		A10015 /* Errors.swift in Sources */ = {isa = PBXBuildFile; fileRef = B10015 /* Errors.swift */; };
		A10016 /* Assets.xcassets in Resources */ = {isa = PBXBuildFile; fileRef = B10016 /* Assets.xcassets */; };
		A10017 /* AboutView.swift in Sources */ = {isa = PBXBuildFile; fileRef = B10019 /* AboutView.swift */; };
		A10018 /* LivePhotoExporter.swift in Sources */ = {isa = PBXBuildFile; fileRef = B10020 /* LivePhotoExporter.swift */; };
		A10019 /* LivePhotoValidator.swift in Sources */ = {isa = PBXBuildFile; fileRef = B10021 /* LivePhotoValidator.swift */; };
		A20001 /* VideoProjectTests.swift in Sources */ = {isa = PBXBuildFile; fileRef = B20001 /* VideoProjectTests.swift */; };
		A20002 /* LivePhotoExporterTests.swift in Sources */ = {isa = PBXBuildFile; fileRef = B20002 /* LivePhotoExporterTests.swift */; };
		A20003 /* LivePhotoPipelineTests.swift in Sources */ = {isa = PBXBuildFile; fileRef = B20003 /* LivePhotoPipelineTests.swift */; };
/* End PBXBuildFile section */

/* Begin PBXContainerItemProxy section */
		G20001 /* PBXContainerItemProxy */ = {
			isa = PBXContainerItemProxy;
			containerPortal = E10000 /* Project object */;
			proxyType = 1;
			remoteGlobalIDString = E10001;
			remoteInfo = Video2Live;
		};
/* End PBXContainerItemProxy section */

/* Begin PBXFileReference section */
		B10000 /* Video2Live.app */ = {isa = PBXFileReference; explicitFileType = wrapper.application; includeInIndex = 0; path = Video2Live.app; sourceTree = BUILT_PRODUCTS_DIR; };
		B10001 /* Video2LiveApp.swift */ = {isa = PBXFileReference; lastKnownFileType = sourcecode.swift; path = Video2LiveApp.swift; sourceTree = "<group>"; };
		B10002 /* ContentView.swift */ = {isa = PBXFileReference; lastKnownFileType = sourcecode.swift; path = ContentView.swift; sourceTree = "<group>"; };
		B10003 /* DropZoneView.swift */ = {isa = PBXFileReference; lastKnownFileType = sourcecode.swift; path = DropZoneView.swift; sourceTree = "<group>"; };
		B10004 /* VideoPreviewView.swift */ = {isa = PBXFileReference; lastKnownFileType = sourcecode.swift; path = VideoPreviewView.swift; sourceTree = "<group>"; };
		B10005 /* TimelineScrubberView.swift */ = {isa = PBXFileReference; lastKnownFileType = sourcecode.swift; path = TimelineScrubberView.swift; sourceTree = "<group>"; };
		B10006 /* ConvertButton.swift */ = {isa = PBXFileReference; lastKnownFileType = sourcecode.swift; path = ConvertButton.swift; sourceTree = "<group>"; };
		B10007 /* ConversionState.swift */ = {isa = PBXFileReference; lastKnownFileType = sourcecode.swift; path = ConversionState.swift; sourceTree = "<group>"; };
		B10008 /* VideoProject.swift */ = {isa = PBXFileReference; lastKnownFileType = sourcecode.swift; path = VideoProject.swift; sourceTree = "<group>"; };
		B10009 /* VideoAnalyzer.swift */ = {isa = PBXFileReference; lastKnownFileType = sourcecode.swift; path = VideoAnalyzer.swift; sourceTree = "<group>"; };
		B10010 /* HEICWriter.swift */ = {isa = PBXFileReference; lastKnownFileType = sourcecode.swift; path = HEICWriter.swift; sourceTree = "<group>"; };
		B10011 /* MOVWriter.swift */ = {isa = PBXFileReference; lastKnownFileType = sourcecode.swift; path = MOVWriter.swift; sourceTree = "<group>"; };
		B10012 /* LivePhotoGenerator.swift */ = {isa = PBXFileReference; lastKnownFileType = sourcecode.swift; path = LivePhotoGenerator.swift; sourceTree = "<group>"; };
		B10013 /* PhotosImporter.swift */ = {isa = PBXFileReference; lastKnownFileType = sourcecode.swift; path = PhotosImporter.swift; sourceTree = "<group>"; };
		B10014 /* MetadataConstants.swift */ = {isa = PBXFileReference; lastKnownFileType = sourcecode.swift; path = MetadataConstants.swift; sourceTree = "<group>"; };
		B10015 /* Errors.swift */ = {isa = PBXFileReference; lastKnownFileType = sourcecode.swift; path = Errors.swift; sourceTree = "<group>"; };
		B10016 /* Assets.xcassets */ = {isa = PBXFileReference; lastKnownFileType = folder.assetcatalog; path = Assets.xcassets; sourceTree = "<group>"; };
		B10017 /* Info.plist */ = {isa = PBXFileReference; lastKnownFileType = text.plist.xml; path = Info.plist; sourceTree = "<group>"; };
		B10018 /* Video2Live.entitlements */ = {isa = PBXFileReference; lastKnownFileType = text.plist.entitlements; path = Video2Live.entitlements; sourceTree = "<group>"; };
		B10019 /* AboutView.swift */ = {isa = PBXFileReference; lastKnownFileType = sourcecode.swift; path = AboutView.swift; sourceTree = "<group>"; };
		B10020 /* LivePhotoExporter.swift */ = {isa = PBXFileReference; lastKnownFileType = sourcecode.swift; path = LivePhotoExporter.swift; sourceTree = "<group>"; };
		B10021 /* LivePhotoValidator.swift */ = {isa = PBXFileReference; lastKnownFileType = sourcecode.swift; path = LivePhotoValidator.swift; sourceTree = "<group>"; };
		B20000 /* Video2LiveTests.xctest */ = {isa = PBXFileReference; explicitFileType = wrapper.cfbundle; includeInIndex = 0; path = Video2LiveTests.xctest; sourceTree = BUILT_PRODUCTS_DIR; };
		B20001 /* VideoProjectTests.swift */ = {isa = PBXFileReference; lastKnownFileType = sourcecode.swift; path = VideoProjectTests.swift; sourceTree = "<group>"; };
		B20002 /* LivePhotoExporterTests.swift */ = {isa = PBXFileReference; lastKnownFileType = sourcecode.swift; path = LivePhotoExporterTests.swift; sourceTree = "<group>"; };
		B20003 /* LivePhotoPipelineTests.swift */ = {isa = PBXFileReference; lastKnownFileType = sourcecode.swift; path = LivePhotoPipelineTests.swift; sourceTree = "<group>"; };
/* End PBXFileReference section */

/* Begin PBXFrameworksBuildPhase section */
		C10001 /* Frameworks */ = {
			isa = PBXFrameworksBuildPhase;
			buildActionMask = 2147483647;
			files = (
			);
			runOnlyForDeploymentPostprocessing = 0;
		};
		C20001 /* Frameworks */ = {
			isa = PBXFrameworksBuildPhase;
			buildActionMask = 2147483647;
			files = (
			);
			runOnlyForDeploymentPostprocessing = 0;
		};
/* End PBXFrameworksBuildPhase section */

/* Begin PBXGroup section */
		D10000 = {
			isa = PBXGroup;
			children = (
				D10001 /* Video2Live */,
				D20001 /* Video2LiveTests */,
				D10006 /* Products */,
			);
			sourceTree = "<group>";
		};
		D10001 /* Video2Live */ = {
			isa = PBXGroup;
			children = (
				B10001 /* Video2LiveApp.swift */,
				B10017 /* Info.plist */,
				B10018 /* Video2Live.entitlements */,
				B10016 /* Assets.xcassets */,
				D10002 /* Models */,
				D10003 /* Views */,
				D10004 /* Services */,
				D10005 /* Utilities */,
			);
			path = Video2Live;
			sourceTree = "<group>";
		};
		D10002 /* Models */ = {
			isa = PBXGroup;
			children = (
				B10007 /* ConversionState.swift */,
				B10008 /* VideoProject.swift */,
			);
			path = Models;
			sourceTree = "<group>";
		};
		D10003 /* Views */ = {
			isa = PBXGroup;
			children = (
				B10002 /* ContentView.swift */,
				B10003 /* DropZoneView.swift */,
				B10004 /* VideoPreviewView.swift */,
				B10005 /* TimelineScrubberView.swift */,
				B10006 /* ConvertButton.swift */,
				B10019 /* AboutView.swift */,
			);
			path = Views;
			sourceTree = "<group>";
		};
		D10004 /* Services */ = {
			isa = PBXGroup;
			children = (
				B10009 /* VideoAnalyzer.swift */,
				B10010 /* HEICWriter.swift */,
				B10011 /* MOVWriter.swift */,
				B10012 /* LivePhotoGenerator.swift */,
				B10020 /* LivePhotoExporter.swift */,
				B10021 /* LivePhotoValidator.swift */,
				B10013 /* PhotosImporter.swift */,
			);
			path = Services;
			sourceTree = "<group>";
		};
		D10005 /* Utilities */ = {
			isa = PBXGroup;
			children = (
				B10014 /* MetadataConstants.swift */,
				B10015 /* Errors.swift */,
			);
			path = Utilities;
			sourceTree = "<group>";
		};
		D10006 /* Products */ = {
			isa = PBXGroup;
			children = (
				B10000 /* Video2Live.app */,
				B20000 /* Video2LiveTests.xctest */,
			);
			name = Products;
			sourceTree = "<group>";
		};
		D20001 /* Video2LiveTests */ = {
			isa = PBXGroup;
			children = (
				B20001 /* VideoProjectTests.swift */,
				B20002 /* LivePhotoExporterTests.swift */,
				B20003 /* LivePhotoPipelineTests.swift */,
			);
			path = Video2LiveTests;
			sourceTree = "<group>";
		};
/* End PBXGroup section */

/* Begin PBXNativeTarget section */
		E10001 /* Video2Live */ = {
			isa = PBXNativeTarget;
			buildConfigurationList = F10003 /* Build configuration list for PBXNativeTarget "Video2Live" */;
			buildPhases = (
				E10002 /* Sources */,
				C10001 /* Frameworks */,
				E10003 /* Resources */,
			);
			buildRules = (
			);
			dependencies = (
			);
			name = Video2Live;
			productName = Video2Live;
			productReference = B10000 /* Video2Live.app */;
			productType = "com.apple.product-type.application";
		};
		E20001 /* Video2LiveTests */ = {
			isa = PBXNativeTarget;
			buildConfigurationList = F20003 /* Build configuration list for PBXNativeTarget "Video2LiveTests" */;
			buildPhases = (
				E20002 /* Sources */,
				C20001 /* Frameworks */,
			);
			buildRules = (
			);
			dependencies = (
				G20002 /* PBXTargetDependency */,
			);
			name = Video2LiveTests;
			productName = Video2LiveTests;
			productReference = B20000 /* Video2LiveTests.xctest */;
			productType = "com.apple.product-type.bundle.unit-test";
		};
/* End PBXNativeTarget section */

/* Begin PBXProject section */
		E10000 /* Project object */ = {
			isa = PBXProject;
			attributes = {
				BuildIndependentTargetsInParallel = 1;
				LastSwiftUpdateCheck = 1540;
				LastUpgradeCheck = 1540;
				TargetAttributes = {
					E10001 = {
						CreatedOnToolsVersion = 15.4;
					};
					E20001 = {
						CreatedOnToolsVersion = 15.4;
						TestTargetID = E10001;
					};
				};
			};
			buildConfigurationList = F10001 /* Build configuration list for PBXProject "Video2Live" */;
			compatibilityVersion = "Xcode 14.0";
			developmentRegion = en;
			hasScannedForEncodings = 0;
			knownRegions = (
				en,
				Base,
			);
			mainGroup = D10000;
			productRefGroup = D10006 /* Products */;
			projectDirPath = "";
			projectRoot = "";
			targets = (
				E10001 /* Video2Live */,
				E20001 /* Video2LiveTests */,
			);
		};
/* End PBXProject section */

/* Begin PBXResourcesBuildPhase section */
		E10003 /* Resources */ = {
			isa = PBXResourcesBuildPhase;
			buildActionMask = 2147483647;
			files = (
				A10016 /* Assets.xcassets in Resources */,
			);
			runOnlyForDeploymentPostprocessing = 0;
		};
/* End PBXResourcesBuildPhase section */

/* Begin PBXSourcesBuildPhase section */
		E10002 /* Sources */ = {
			isa = PBXSourcesBuildPhase;
			buildActionMask = 2147483647;
			files = (
				A10001 /* Video2LiveApp.swift in Sources */,
				A10002 /* ContentView.swift in Sources */,
				A10003 /* DropZoneView.swift in Sources */,
				A10004 /* VideoPreviewView.swift in Sources */,
				A10005 /* TimelineScrubberView.swift in Sources */,
				A10006 /* ConvertButton.swift in Sources */,
				A10007 /* ConversionState.swift in Sources */,
				A10008 /* VideoProject.swift in Sources */,
				A10009 /* VideoAnalyzer.swift in Sources */,
				A10010 /* HEICWriter.swift in Sources */,
				A10011 /* MOVWriter.swift in Sources */,
				A10012 /* LivePhotoGenerator.swift in Sources */,
				A10013 /* PhotosImporter.swift in Sources */,
				A10014 /* MetadataConstants.swift in Sources */,
				A10015 /* Errors.swift in Sources */,
				A10017 /* AboutView.swift in Sources */,
				A10018 /* LivePhotoExporter.swift in Sources */,
				A10019 /* LivePhotoValidator.swift in Sources */,
			);
			runOnlyForDeploymentPostprocessing = 0;
		};
		E20002 /* Sources */ = {
			isa = PBXSourcesBuildPhase;
			buildActionMask = 2147483647;
			files = (
				A20001 /* VideoProjectTests.swift in Sources */,
				A20002 /* LivePhotoExporterTests.swift in Sources */,
				A20003 /* LivePhotoPipelineTests.swift in Sources */,
			);
			runOnlyForDeploymentPostprocessing = 0;
		};
/* End PBXSourcesBuildPhase section */

/* Begin PBXTargetDependency section */
		G20002 /* PBXTargetDependency */ = {
			isa = PBXTargetDependency;
			target = E10001 /* Video2Live */;
			targetProxy = G20001 /* PBXContainerItemProxy */;
		};
/* End PBXTargetDependency section */

/* Begin XCBuildConfiguration section */
		F10010 /* Debug */ = {
			isa = XCBuildConfiguration;
			buildSettings = {
				ALWAYS_SEARCH_USER_PATHS = NO;
				ASSETCATALOG_COMPILER_GENERATE_SWIFT_ASSET_SYMBOL_EXTENSIONS = YES;
				CLANG_ANALYZER_NONNULL = YES;
				CLANG_ANALYZER_NUMBER_OBJECT_CONVERSION = YES_AGGRESSIVE;
				CLANG_CXX_LANGUAGE_STANDARD = "gnu++20";
				CLANG_ENABLE_MODULES = YES;
				CLANG_ENABLE_OBJC_ARC = YES;
				CLANG_ENABLE_OBJC_WEAK = YES;
				CLANG_WARN_BLOCK_CAPTURE_AUTORELEASING = YES;
				CLANG_WARN_BOOL_CONVERSION = YES;
				CLANG_WARN_COMMA = YES;
				CLANG_WARN_CONSTANT_CONVERSION = YES;
				CLANG_WARN_DEPRECATED_OBJC_IMPLEMENTATIONS = YES;
				CLANG_WARN_DIRECT_OBJC_ISA_USAGE = YES_ERROR;
				CLANG_WARN_DOCUMENTATION_COMMENTS = YES;
				CLANG_WARN_EMPTY_BODY = YES;
				CLANG_WARN_ENUM_CONVERSION = YES;
				CLANG_WARN_INFINITE_RECURSION = YES;
				CLANG_WARN_INT_CONVERSION = YES;
				CLANG_WARN_NON_LITERAL_NULL_CONVERSION = YES;
				CLANG_WARN_OBJC_IMPLICIT_RETAIN_SELF = YES;
				CLANG_WARN_OBJC_LITERAL_CONVERSION = YES;
				CLANG_WARN_OBJC_ROOT_CLASS = YES_ERROR;
				CLANG_WARN_QUOTED_INCLUDE_IN_FRAMEWORK_HEADER = YES;
				CLANG_WARN_RANGE_LOOP_ANALYSIS = YES;
				CLANG_WARN_STRICT_PROTOTYPES = YES;
				CLANG_WARN_SUSPICIOUS_MOVE = YES;
				CLANG_WARN_UNGUARDED_AVAILABILITY = YES_AGGRESSIVE;
				CLANG_WARN_UNREACHABLE_CODE = YES;
				CLANG_WARN__DUPLICATE_METHOD_MATCH = YES;
				COPY_PHASE_STRIP = NO;
				DEBUG_INFORMATION_FORMAT = dwarf;
				ENABLE_STRICT_OBJC_MSGSEND = YES;
				ENABLE_TESTABILITY = YES;
				ENABLE_USER_SCRIPT_SANDBOXING = YES;
				GCC_C_LANGUAGE_STANDARD = gnu17;
				GCC_DYNAMIC_NO_PIC = NO;
				GCC_NO_COMMON_BLOCKS = YES;
				GCC_OPTIMIZATION_LEVEL = 0;
				GCC_PREPROCESSOR_DEFINITIONS = (
					"DEBUG=1",
					"$(inherited)",
				);
				GCC_WARN_64_TO_32_BIT_CONVERSION = YES;
				GCC_WARN_ABOUT_RETURN_TYPE = YES_ERROR;
				GCC_WARN_UNDECLARED_SELECTOR = YES;
				GCC_WARN_UNINITIALIZED_AUTOS = YES_AGGRESSIVE;
				GCC_WARN_UNUSED_FUNCTION = YES;
				GCC_WARN_UNUSED_VARIABLE = YES;
				MACOSX_DEPLOYMENT_TARGET = 14.0;
				MTL_ENABLE_DEBUG_INFO = INCLUDE_SOURCE;
				MTL_FAST_MATH = YES;
				ONLY_ACTIVE_ARCH = YES;
				SDKROOT = macosx;
				SWIFT_ACTIVE_COMPILATION_CONDITIONS = "DEBUG $(inherited)";
				SWIFT_OPTIMIZATION_LEVEL = "-Onone";
			};
			name = Debug;
		};
		F10011 /* Release */ = {
			isa = XCBuildConfiguration;
			buildSettings = {
				ALWAYS_SEARCH_USER_PATHS = NO;
				ASSETCATALOG_COMPILER_GENERATE_SWIFT_ASSET_SYMBOL_EXTENSIONS = YES;
				CLANG_ANALYZER_NONNULL = YES;
				CLANG_ANALYZER_NUMBER_OBJECT_CONVERSION = YES_AGGRESSIVE;
				CLANG_CXX_LANGUAGE_STANDARD = "gnu++20";
				CLANG_ENABLE_MODULES = YES;
				CLANG_ENABLE_OBJC_ARC = YES;
				CLANG_ENABLE_OBJC_WEAK = YES;
				CLANG_WARN_BLOCK_CAPTURE_AUTORELEASING = YES;
				CLANG_WARN_BOOL_CONVERSION = YES;
				CLANG_WARN_COMMA = YES;
				CLANG_WARN_CONSTANT_CONVERSION = YES;
				CLANG_WARN_DEPRECATED_OBJC_IMPLEMENTATIONS = YES;
				CLANG_WARN_DIRECT_OBJC_ISA_USAGE = YES_ERROR;
				CLANG_WARN_DOCUMENTATION_COMMENTS = YES;
				CLANG_WARN_EMPTY_BODY = YES;
				CLANG_WARN_ENUM_CONVERSION = YES;
				CLANG_WARN_INFINITE_RECURSION = YES;
				CLANG_WARN_INT_CONVERSION = YES;
				CLANG_WARN_NON_LITERAL_NULL_CONVERSION = YES;
				CLANG_WARN_OBJC_IMPLICIT_RETAIN_SELF = YES;
				CLANG_WARN_OBJC_LITERAL_CONVERSION = YES;
				CLANG_WARN_OBJC_ROOT_CLASS = YES_ERROR;
				CLANG_WARN_QUOTED_INCLUDE_IN_FRAMEWORK_HEADER = YES;
				CLANG_WARN_RANGE_LOOP_ANALYSIS = YES;
				CLANG_WARN_STRICT_PROTOTYPES = YES;
				CLANG_WARN_SUSPICIOUS_MOVE = YES;
				CLANG_WARN_UNGUARDED_AVAILABILITY = YES_AGGRESSIVE;
				CLANG_WARN_UNREACHABLE_CODE = YES;
				CLANG_WARN__DUPLICATE_METHOD_MATCH = YES;
				COPY_PHASE_STRIP = NO;
				DEBUG_INFORMATION_FORMAT = "dwarf-with-dsym";
				ENABLE_NS_ASSERTIONS = NO;
				ENABLE_STRICT_OBJC_MSGSEND = YES;
				ENABLE_USER_SCRIPT_SANDBOXING = YES;
				GCC_C_LANGUAGE_STANDARD = gnu17;
				GCC_NO_COMMON_BLOCKS = YES;
				GCC_WARN_64_TO_32_BIT_CONVERSION = YES;
				GCC_WARN_ABOUT_RETURN_TYPE = YES_ERROR;
				GCC_WARN_UNDECLARED_SELECTOR = YES;
				GCC_WARN_UNINITIALIZED_AUTOS = YES_AGGRESSIVE;
				GCC_WARN_UNUSED_FUNCTION = YES;
				GCC_WARN_UNUSED_VARIABLE = YES;
				MACOSX_DEPLOYMENT_TARGET = 14.0;
				MTL_ENABLE_DEBUG_INFO = NO;
				MTL_FAST_MATH = YES;
				SDKROOT = macosx;
				SWIFT_COMPILATION_MODE = wholemodule;
			};
			name = Release;
		};
		F10020 /* Debug */ = {
			isa = XCBuildConfiguration;
			buildSettings = {
				ASSETCATALOG_COMPILER_APPICON_NAME = AppIcon;
				ASSETCATALOG_COMPILER_GLOBAL_ACCENT_COLOR_NAME = AccentColor;
				CODE_SIGN_ENTITLEMENTS = Video2Live/Video2Live.entitlements;
				CODE_SIGN_STYLE = Automatic;
				COMBINE_HIDPI_IMAGES = YES;
				CURRENT_PROJECT_VERSION = 1;
				DEVELOPMENT_TEAM = "";
				ENABLE_HARDENED_RUNTIME = YES;
				GENERATE_INFOPLIST_FILE = YES;
				INFOPLIST_FILE = Video2Live/Info.plist;
				INFOPLIST_KEY_NSHumanReadableCopyright = "";
				LD_RUNPATH_SEARCH_PATHS = (
					"$(inherited)",
					"@executable_path/../Frameworks",
				);
				MARKETING_VERSION = 1.0;
				PRODUCT_BUNDLE_IDENTIFIER = com.video2live.app;
				PRODUCT_NAME = "$(TARGET_NAME)";
				SWIFT_EMIT_LOC_STRINGS = YES;
				SWIFT_VERSION = 5.0;
			};
			name = Debug;
		};
		F10021 /* Release */ = {
			isa = XCBuildConfiguration;
			buildSettings = {
				ASSETCATALOG_COMPILER_APPICON_NAME = AppIcon;
				ASSETCATALOG_COMPILER_GLOBAL_ACCENT_COLOR_NAME = AccentColor;
				CODE_SIGN_ENTITLEMENTS = Video2Live/Video2Live.entitlements;
				CODE_SIGN_STYLE = Automatic;
				COMBINE_HIDPI_IMAGES = YES;
				CURRENT_PROJECT_VERSION = 1;
				DEVELOPMENT_TEAM = "";
				ENABLE_HARDENED_RUNTIME = YES;
				GENERATE_INFOPLIST_FILE = YES;
				INFOPLIST_FILE = Video2Live/Info.plist;
				INFOPLIST_KEY_NSHumanReadableCopyright = "";
				LD_RUNPATH_SEARCH_PATHS = (
					"$(inherited)",
					"@executable_path/../Frameworks",
				);
				MARKETING_VERSION = 1.0;
				PRODUCT_BUNDLE_IDENTIFIER = com.video2live.app;
				PRODUCT_NAME = "$(TARGET_NAME)";
				SWIFT_EMIT_LOC_STRINGS = YES;
				SWIFT_VERSION = 5.0;
			};
			name = Release;
		};
		F20020 /* Debug */ = {
			isa = XCBuildConfiguration;
			buildSettings = {
				BUNDLE_LOADER = "$(TEST_HOST)";
				CODE_SIGN_STYLE = Automatic;
				CURRENT_PROJECT_VERSION = 1;
				DEVELOPMENT_TEAM = "";
				GENERATE_INFOPLIST_FILE = YES;
				MACOSX_DEPLOYMENT_TARGET = 14.0;
				PRODUCT_BUNDLE_IDENTIFIER = com.video2live.appTests;
				PRODUCT_NAME = "$(TARGET_NAME)";
				SWIFT_VERSION = 5.0;
				TEST_HOST = "$(BUILT_PRODUCTS_DIR)/Video2Live.app/Contents/MacOS/Video2Live";
			};
			name = Debug;
		};
		F20021 /* Release */ = {
			isa = XCBuildConfiguration;
			buildSettings = {
				BUNDLE_LOADER = "$(TEST_HOST)";
				CODE_SIGN_STYLE = Automatic;
				CURRENT_PROJECT_VERSION = 1;
				DEVELOPMENT_TEAM = "";
				GENERATE_INFOPLIST_FILE = YES;
				MACOSX_DEPLOYMENT_TARGET = 14.0;
				PRODUCT_BUNDLE_IDENTIFIER = com.video2live.appTests;
				PRODUCT_NAME = "$(TARGET_NAME)";
				SWIFT_VERSION = 5.0;
				TEST_HOST = "$(BUILT_PRODUCTS_DIR)/Video2Live.app/Contents/MacOS/Video2Live";
			};
			name = Release;
		};
/* End XCBuildConfiguration section */

/* Begin XCConfigurationList section */
		F10001 /* Build configuration list for PBXProject "Video2Live" */ = {
			isa = XCConfigurationList;
			buildConfigurations = (
				F10010 /* Debug */,
				F10011 /* Release */,
			);
			defaultConfigurationIsVisible = 0;
			defaultConfigurationName = Release;
		};
		F10003 /* Build configuration list for PBXNativeTarget "Video2Live" */ = {
			isa = XCConfigurationList;
			buildConfigurations = (
				F10020 /* Debug */,
				F10021 /* Release */,
			);
			defaultConfigurationIsVisible = 0;
			defaultConfigurationName = Release;
		};
		F20003 /* Build configuration list for PBXNativeTarget "Video2LiveTests" */ = {
			isa = XCConfigurationList;
			buildConfigurations = (
				F20020 /* Debug */,
				F20021 /* Release */,
			);
			defaultConfigurationIsVisible = 0;
			defaultConfigurationName = Release;
		};
/* End XCConfigurationList section */

	};
	rootObject = E10000 /* Project object */;
}
